// !$*UTF8*$!
{
	archiveVersion = 1;
	classes = {
	};
	objectVersion = 46;
	objects = {

/* Begin PBXBuildFile section */
		9F27AB8B1C887A980052CC16 /* BitbucketKit.h in Headers */ = {isa = PBXBuildFile; fileRef = 9F27AB8A1C887A980052CC16 /* BitbucketKit.h */; settings = {ATTRIBUTES = (Public, ); }; };
		9F27AB921C887A980052CC16 /* BitbucketKit.framework in Frameworks */ = {isa = PBXBuildFile; fileRef = 9F27AB871C887A980052CC16 /* BitbucketKit.framework */; };
		9F27AB971C887A980052CC16 /* BitbucketKitTests.swift in Sources */ = {isa = PBXBuildFile; fileRef = 9F27AB961C887A980052CC16 /* BitbucketKitTests.swift */; };
		9F27ABB21C887B590052CC16 /* GetAutenticatedUserAction.swift in Sources */ = {isa = PBXBuildFile; fileRef = 9F27ABB11C887B590052CC16 /* GetAutenticatedUserAction.swift */; };
		9F27ABB41C887B860052CC16 /* Action.swift in Sources */ = {isa = PBXBuildFile; fileRef = 9F27ABB31C887B860052CC16 /* Action.swift */; };
		9F27ABC31C887C170052CC16 /* OAuthKit.framework in Frameworks */ = {isa = PBXBuildFile; fileRef = 9F27ABC01C887C0D0052CC16 /* OAuthKit.framework */; };
		9F27ABC71C887D050052CC16 /* Outcome.swift in Sources */ = {isa = PBXBuildFile; fileRef = 9F27ABC61C887D050052CC16 /* Outcome.swift */; };
		9F27ABC91C887D340052CC16 /* User.swift in Sources */ = {isa = PBXBuildFile; fileRef = 9F27ABC81C887D340052CC16 /* User.swift */; };
		9F27ABCC1C887F650052CC16 /* Error.swift in Sources */ = {isa = PBXBuildFile; fileRef = 9F27ABCB1C887F650052CC16 /* Error.swift */; };
		9F27ABCE1C8882390052CC16 /* GetUserReposAction.swift in Sources */ = {isa = PBXBuildFile; fileRef = 9F27ABCD1C8882390052CC16 /* GetUserReposAction.swift */; };
		9F27ABD01C8882B40052CC16 /* Repo.swift in Sources */ = {isa = PBXBuildFile; fileRef = 9F27ABCF1C8882B40052CC16 /* Repo.swift */; };
/* End PBXBuildFile section */

/* Begin PBXContainerItemProxy section */
		9F27AB931C887A980052CC16 /* PBXContainerItemProxy */ = {
			isa = PBXContainerItemProxy;
			containerPortal = 9F27AB7E1C887A980052CC16 /* Project object */;
			proxyType = 1;
			remoteGlobalIDString = 9F27AB861C887A980052CC16;
			remoteInfo = BitbucketKit;
		};
		9F27ABBF1C887C0D0052CC16 /* PBXContainerItemProxy */ = {
			isa = PBXContainerItemProxy;
			containerPortal = 9F27ABBA1C887C0D0052CC16 /* OAuthKit.xcodeproj */;
			proxyType = 2;
			remoteGlobalIDString = 2888C9431C87923F0085C926;
			remoteInfo = OAuthKit;
		};
		9F27ABC11C887C0D0052CC16 /* PBXContainerItemProxy */ = {
			isa = PBXContainerItemProxy;
			containerPortal = 9F27ABBA1C887C0D0052CC16 /* OAuthKit.xcodeproj */;
			proxyType = 2;
			remoteGlobalIDString = 2888C94D1C8792400085C926;
			remoteInfo = OAuthKitTests;
		};
/* End PBXContainerItemProxy section */

/* Begin PBXFileReference section */
		9F27AB871C887A980052CC16 /* BitbucketKit.framework */ = {isa = PBXFileReference; explicitFileType = wrapper.framework; includeInIndex = 0; path = BitbucketKit.framework; sourceTree = BUILT_PRODUCTS_DIR; };
		9F27AB8A1C887A980052CC16 /* BitbucketKit.h */ = {isa = PBXFileReference; lastKnownFileType = sourcecode.c.h; path = BitbucketKit.h; sourceTree = "<group>"; };
		9F27AB8C1C887A980052CC16 /* Info.plist */ = {isa = PBXFileReference; lastKnownFileType = text.plist.xml; path = Info.plist; sourceTree = "<group>"; };
		9F27AB911C887A980052CC16 /* BitbucketKitTests.xctest */ = {isa = PBXFileReference; explicitFileType = wrapper.cfbundle; includeInIndex = 0; path = BitbucketKitTests.xctest; sourceTree = BUILT_PRODUCTS_DIR; };
		9F27AB961C887A980052CC16 /* BitbucketKitTests.swift */ = {isa = PBXFileReference; lastKnownFileType = sourcecode.swift; path = BitbucketKitTests.swift; sourceTree = "<group>"; };
		9F27AB981C887A980052CC16 /* Info.plist */ = {isa = PBXFileReference; lastKnownFileType = text.plist.xml; path = Info.plist; sourceTree = "<group>"; };
		9F27ABB11C887B590052CC16 /* GetAutenticatedUserAction.swift */ = {isa = PBXFileReference; fileEncoding = 4; lastKnownFileType = sourcecode.swift; path = GetAutenticatedUserAction.swift; sourceTree = "<group>"; };
		9F27ABB31C887B860052CC16 /* Action.swift */ = {isa = PBXFileReference; fileEncoding = 4; lastKnownFileType = sourcecode.swift; path = Action.swift; sourceTree = "<group>"; };
		9F27ABBA1C887C0D0052CC16 /* OAuthKit.xcodeproj */ = {isa = PBXFileReference; lastKnownFileType = "wrapper.pb-project"; name = OAuthKit.xcodeproj; path = ../OAuthKit/OAuthKit.xcodeproj; sourceTree = "<group>"; };
		9F27ABC61C887D050052CC16 /* Outcome.swift */ = {isa = PBXFileReference; fileEncoding = 4; lastKnownFileType = sourcecode.swift; path = Outcome.swift; sourceTree = "<group>"; };
		9F27ABC81C887D340052CC16 /* User.swift */ = {isa = PBXFileReference; fileEncoding = 4; lastKnownFileType = sourcecode.swift; path = User.swift; sourceTree = "<group>"; };
		9F27ABCB1C887F650052CC16 /* Error.swift */ = {isa = PBXFileReference; fileEncoding = 4; lastKnownFileType = sourcecode.swift; path = Error.swift; sourceTree = "<group>"; };
		9F27ABCD1C8882390052CC16 /* GetUserReposAction.swift */ = {isa = PBXFileReference; fileEncoding = 4; lastKnownFileType = sourcecode.swift; path = GetUserReposAction.swift; sourceTree = "<group>"; };
		9F27ABCF1C8882B40052CC16 /* Repo.swift */ = {isa = PBXFileReference; fileEncoding = 4; lastKnownFileType = sourcecode.swift; path = Repo.swift; sourceTree = "<group>"; };
/* End PBXFileReference section */

/* Begin PBXFrameworksBuildPhase section */
		9F27AB831C887A980052CC16 /* Frameworks */ = {
			isa = PBXFrameworksBuildPhase;
			buildActionMask = 2147483647;
			files = (
				9F27ABC31C887C170052CC16 /* OAuthKit.framework in Frameworks */,
			);
			runOnlyForDeploymentPostprocessing = 0;
		};
		9F27AB8E1C887A980052CC16 /* Frameworks */ = {
			isa = PBXFrameworksBuildPhase;
			buildActionMask = 2147483647;
			files = (
				9F27AB921C887A980052CC16 /* BitbucketKit.framework in Frameworks */,
			);
			runOnlyForDeploymentPostprocessing = 0;
		};
/* End PBXFrameworksBuildPhase section */

/* Begin PBXGroup section */
		9F27AB7D1C887A980052CC16 = {
			isa = PBXGroup;
			children = (
				9F27ABBA1C887C0D0052CC16 /* OAuthKit.xcodeproj */,
				9F27ABA11C887AF00052CC16 /* Sources */,
				9F27AB891C887A980052CC16 /* BitbucketKit */,
				9F27AB951C887A980052CC16 /* BitbucketKitTests */,
				9F27AB881C887A980052CC16 /* Products */,
				9F27ABB71C887BD10052CC16 /* Frameworks */,
			);
			sourceTree = "<group>";
		};
		9F27AB881C887A980052CC16 /* Products */ = {
			isa = PBXGroup;
			children = (
				9F27AB871C887A980052CC16 /* BitbucketKit.framework */,
				9F27AB911C887A980052CC16 /* BitbucketKitTests.xctest */,
			);
			name = Products;
			sourceTree = "<group>";
		};
		9F27AB891C887A980052CC16 /* BitbucketKit */ = {
			isa = PBXGroup;
			children = (
				9F27AB8A1C887A980052CC16 /* BitbucketKit.h */,
				9F27AB8C1C887A980052CC16 /* Info.plist */,
			);
			path = BitbucketKit;
			sourceTree = "<group>";
		};
		9F27AB951C887A980052CC16 /* BitbucketKitTests */ = {
			isa = PBXGroup;
			children = (
				9F27AB961C887A980052CC16 /* BitbucketKitTests.swift */,
				9F27AB981C887A980052CC16 /* Info.plist */,
			);
			path = BitbucketKitTests;
			sourceTree = "<group>";
		};
		9F27ABA11C887AF00052CC16 /* Sources */ = {
			isa = PBXGroup;
			children = (
				9F27ABA21C887AF00052CC16 /* iOS */,
			);
			path = Sources;
			sourceTree = "<group>";
		};
		9F27ABA21C887AF00052CC16 /* iOS */ = {
			isa = PBXGroup;
			children = (
				9F27ABCA1C887F570052CC16 /* Errors */,
				9F27ABA31C887AF00052CC16 /* Actions */,
				9F27ABA41C887AF00052CC16 /* DataStores */,
				9F27ABA51C887AF00052CC16 /* Models */,
			);
			path = iOS;
			sourceTree = "<group>";
		};
		9F27ABA31C887AF00052CC16 /* Actions */ = {
			isa = PBXGroup;
			children = (
				9F27ABC61C887D050052CC16 /* Outcome.swift */,
				9F27ABB31C887B860052CC16 /* Action.swift */,
				9F27ABB11C887B590052CC16 /* GetAutenticatedUserAction.swift */,
				9F27ABCD1C8882390052CC16 /* GetUserReposAction.swift */,
			);
			path = Actions;
			sourceTree = "<group>";
		};
		9F27ABA41C887AF00052CC16 /* DataStores */ = {
			isa = PBXGroup;
			children = (
			);
			path = DataStores;
			sourceTree = "<group>";
		};
		9F27ABA51C887AF00052CC16 /* Models */ = {
			isa = PBXGroup;
			children = (
				9F27ABC81C887D340052CC16 /* User.swift */,
				9F27ABCF1C8882B40052CC16 /* Repo.swift */,
			);
			path = Models;
			sourceTree = "<group>";
		};
		9F27ABB71C887BD10052CC16 /* Frameworks */ = {
			isa = PBXGroup;
			children = (
			);
			name = Frameworks;
			sourceTree = "<group>";
		};
		9F27ABBB1C887C0D0052CC16 /* Products */ = {
			isa = PBXGroup;
			children = (
				9F27ABC01C887C0D0052CC16 /* OAuthKit.framework */,
				9F27ABC21C887C0D0052CC16 /* OAuthKitTests.xctest */,
			);
			name = Products;
			sourceTree = "<group>";
		};
		9F27ABCA1C887F570052CC16 /* Errors */ = {
			isa = PBXGroup;
			children = (
				9F27ABCB1C887F650052CC16 /* Error.swift */,
			);
			path = Errors;
			sourceTree = "<group>";
		};
/* End PBXGroup section */

/* Begin PBXHeadersBuildPhase section */
		9F27AB841C887A980052CC16 /* Headers */ = {
			isa = PBXHeadersBuildPhase;
			buildActionMask = 2147483647;
			files = (
				9F27AB8B1C887A980052CC16 /* BitbucketKit.h in Headers */,
			);
			runOnlyForDeploymentPostprocessing = 0;
		};
/* End PBXHeadersBuildPhase section */

/* Begin PBXNativeTarget section */
		9F27AB861C887A980052CC16 /* BitbucketKit */ = {
			isa = PBXNativeTarget;
			buildConfigurationList = 9F27AB9B1C887A980052CC16 /* Build configuration list for PBXNativeTarget "BitbucketKit" */;
			buildPhases = (
				9F27AB821C887A980052CC16 /* Sources */,
				9F27AB831C887A980052CC16 /* Frameworks */,
				9F27AB841C887A980052CC16 /* Headers */,
				9F27AB851C887A980052CC16 /* Resources */,
			);
			buildRules = (
			);
			dependencies = (
			);
			name = BitbucketKit;
			productName = BitbucketKit;
			productReference = 9F27AB871C887A980052CC16 /* BitbucketKit.framework */;
			productType = "com.apple.product-type.framework";
		};
		9F27AB901C887A980052CC16 /* BitbucketKitTests */ = {
			isa = PBXNativeTarget;
			buildConfigurationList = 9F27AB9E1C887A980052CC16 /* Build configuration list for PBXNativeTarget "BitbucketKitTests" */;
			buildPhases = (
				9F27AB8D1C887A980052CC16 /* Sources */,
				9F27AB8E1C887A980052CC16 /* Frameworks */,
				9F27AB8F1C887A980052CC16 /* Resources */,
			);
			buildRules = (
			);
			dependencies = (
				9F27AB941C887A980052CC16 /* PBXTargetDependency */,
			);
			name = BitbucketKitTests;
			productName = BitbucketKitTests;
			productReference = 9F27AB911C887A980052CC16 /* BitbucketKitTests.xctest */;
			productType = "com.apple.product-type.bundle.unit-test";
		};
/* End PBXNativeTarget section */

/* Begin PBXProject section */
		9F27AB7E1C887A980052CC16 /* Project object */ = {
			isa = PBXProject;
			attributes = {
				LastSwiftUpdateCheck = 0720;
				LastUpgradeCheck = 0720;
				ORGANIZATIONNAME = "Atlassian Pty Ltd";
				TargetAttributes = {
					9F27AB861C887A980052CC16 = {
						CreatedOnToolsVersion = 7.2.1;
					};
					9F27AB901C887A980052CC16 = {
						CreatedOnToolsVersion = 7.2.1;
					};
				};
			};
			buildConfigurationList = 9F27AB811C887A980052CC16 /* Build configuration list for PBXProject "BitbucketKit" */;
			compatibilityVersion = "Xcode 3.2";
			developmentRegion = English;
			hasScannedForEncodings = 0;
			knownRegions = (
				en,
			);
			mainGroup = 9F27AB7D1C887A980052CC16;
			productRefGroup = 9F27AB881C887A980052CC16 /* Products */;
			projectDirPath = "";
			projectReferences = (
				{
					ProductGroup = 9F27ABBB1C887C0D0052CC16 /* Products */;
					ProjectRef = 9F27ABBA1C887C0D0052CC16 /* OAuthKit.xcodeproj */;
				},
			);
			projectRoot = "";
			targets = (
				9F27AB861C887A980052CC16 /* BitbucketKit */,
				9F27AB901C887A980052CC16 /* BitbucketKitTests */,
			);
		};
/* End PBXProject section */

/* Begin PBXReferenceProxy section */
		9F27ABC01C887C0D0052CC16 /* OAuthKit.framework */ = {
			isa = PBXReferenceProxy;
			fileType = wrapper.framework;
			path = OAuthKit.framework;
			remoteRef = 9F27ABBF1C887C0D0052CC16 /* PBXContainerItemProxy */;
			sourceTree = BUILT_PRODUCTS_DIR;
		};
		9F27ABC21C887C0D0052CC16 /* OAuthKitTests.xctest */ = {
			isa = PBXReferenceProxy;
			fileType = wrapper.cfbundle;
			path = OAuthKitTests.xctest;
			remoteRef = 9F27ABC11C887C0D0052CC16 /* PBXContainerItemProxy */;
			sourceTree = BUILT_PRODUCTS_DIR;
		};
/* End PBXReferenceProxy section */

/* Begin PBXResourcesBuildPhase section */
		9F27AB851C887A980052CC16 /* Resources */ = {
			isa = PBXResourcesBuildPhase;
			buildActionMask = 2147483647;
			files = (
			);
			runOnlyForDeploymentPostprocessing = 0;
		};
		9F27AB8F1C887A980052CC16 /* Resources */ = {
			isa = PBXResourcesBuildPhase;
			buildActionMask = 2147483647;
			files = (
			);
			runOnlyForDeploymentPostprocessing = 0;
		};
/* End PBXResourcesBuildPhase section */

/* Begin PBXSourcesBuildPhase section */
		9F27AB821C887A980052CC16 /* Sources */ = {
			isa = PBXSourcesBuildPhase;
			buildActionMask = 2147483647;
			files = (
				9F27ABD01C8882B40052CC16 /* Repo.swift in Sources */,
				9F27ABC91C887D340052CC16 /* User.swift in Sources */,
				9F27ABB21C887B590052CC16 /* GetAutenticatedUserAction.swift in Sources */,
				9F27ABB41C887B860052CC16 /* Action.swift in Sources */,
				9F27ABCC1C887F650052CC16 /* Error.swift in Sources */,
				9F27ABC71C887D050052CC16 /* Outcome.swift in Sources */,
				9F27ABCE1C8882390052CC16 /* GetUserReposAction.swift in Sources */,
			);
			runOnlyForDeploymentPostprocessing = 0;
		};
		9F27AB8D1C887A980052CC16 /* Sources */ = {
			isa = PBXSourcesBuildPhase;
			buildActionMask = 2147483647;
			files = (
				9F27AB971C887A980052CC16 /* BitbucketKitTests.swift in Sources */,
			);
			runOnlyForDeploymentPostprocessing = 0;
		};
/* End PBXSourcesBuildPhase section */

/* Begin PBXTargetDependency section */
		9F27AB941C887A980052CC16 /* PBXTargetDependency */ = {
			isa = PBXTargetDependency;
			target = 9F27AB861C887A980052CC16 /* BitbucketKit */;
			targetProxy = 9F27AB931C887A980052CC16 /* PBXContainerItemProxy */;
		};
/* End PBXTargetDependency section */

/* Begin XCBuildConfiguration section */
		9F27AB991C887A980052CC16 /* Debug */ = {
			isa = XCBuildConfiguration;
			buildSettings = {
				ALWAYS_SEARCH_USER_PATHS = NO;
				CLANG_CXX_LANGUAGE_STANDARD = "gnu++0x";
				CLANG_CXX_LIBRARY = "libc++";
				CLANG_ENABLE_MODULES = YES;
				CLANG_ENABLE_OBJC_ARC = YES;
				CLANG_WARN_BOOL_CONVERSION = YES;
				CLANG_WARN_CONSTANT_CONVERSION = YES;
				CLANG_WARN_DIRECT_OBJC_ISA_USAGE = YES_ERROR;
				CLANG_WARN_EMPTY_BODY = YES;
				CLANG_WARN_ENUM_CONVERSION = YES;
				CLANG_WARN_INT_CONVERSION = YES;
				CLANG_WARN_OBJC_ROOT_CLASS = YES_ERROR;
				CLANG_WARN_UNREACHABLE_CODE = YES;
				CLANG_WARN__DUPLICATE_METHOD_MATCH = YES;
				"CODE_SIGN_IDENTITY[sdk=iphoneos*]" = "iPhone Developer";
				COPY_PHASE_STRIP = NO;
				CURRENT_PROJECT_VERSION = 1;
				DEBUG_INFORMATION_FORMAT = dwarf;
				ENABLE_STRICT_OBJC_MSGSEND = YES;
				ENABLE_TESTABILITY = YES;
				GCC_C_LANGUAGE_STANDARD = gnu99;
				GCC_DYNAMIC_NO_PIC = NO;
				GCC_NO_COMMON_BLOCKS = YES;
				GCC_OPTIMIZATION_LEVEL = 0;
				GCC_PREPROCESSOR_DEFINITIONS = (
					"DEBUG=1",
					"$(inherited)",
				);
				GCC_WARN_64_TO_32_BIT_CONVERSION = YES;
				GCC_WARN_ABOUT_RETURN_TYPE = YES_ERROR;
				GCC_WARN_UNDECLARED_SELECTOR = YES;
				GCC_WARN_UNINITIALIZED_AUTOS = YES_AGGRESSIVE;
				GCC_WARN_UNUSED_FUNCTION = YES;
				GCC_WARN_UNUSED_VARIABLE = YES;
				IPHONEOS_DEPLOYMENT_TARGET = 9.2;
				MTL_ENABLE_DEBUG_INFO = YES;
				ONLY_ACTIVE_ARCH = YES;
				SDKROOT = iphoneos;
				SWIFT_OPTIMIZATION_LEVEL = "-Onone";
				TARGETED_DEVICE_FAMILY = "1,2";
				VERSIONING_SYSTEM = "apple-generic";
				VERSION_INFO_PREFIX = "";
			};
			name = Debug;
		};
		9F27AB9A1C887A980052CC16 /* Release */ = {
			isa = XCBuildConfiguration;
			buildSettings = {
				ALWAYS_SEARCH_USER_PATHS = NO;
				CLANG_CXX_LANGUAGE_STANDARD = "gnu++0x";
				CLANG_CXX_LIBRARY = "libc++";
				CLANG_ENABLE_MODULES = YES;
				CLANG_ENABLE_OBJC_ARC = YES;
				CLANG_WARN_BOOL_CONVERSION = YES;
				CLANG_WARN_CONSTANT_CONVERSION = YES;
				CLANG_WARN_DIRECT_OBJC_ISA_USAGE = YES_ERROR;
				CLANG_WARN_EMPTY_BODY = YES;
				CLANG_WARN_ENUM_CONVERSION = YES;
				CLANG_WARN_INT_CONVERSION = YES;
				CLANG_WARN_OBJC_ROOT_CLASS = YES_ERROR;
				CLANG_WARN_UNREACHABLE_CODE = YES;
				CLANG_WARN__DUPLICATE_METHOD_MATCH = YES;
				"CODE_SIGN_IDENTITY[sdk=iphoneos*]" = "iPhone Developer";
				COPY_PHASE_STRIP = NO;
				CURRENT_PROJECT_VERSION = 1;
				DEBUG_INFORMATION_FORMAT = "dwarf-with-dsym";
				ENABLE_NS_ASSERTIONS = NO;
				ENABLE_STRICT_OBJC_MSGSEND = YES;
				GCC_C_LANGUAGE_STANDARD = gnu99;
				GCC_NO_COMMON_BLOCKS = YES;
				GCC_WARN_64_TO_32_BIT_CONVERSION = YES;
				GCC_WARN_ABOUT_RETURN_TYPE = YES_ERROR;
				GCC_WARN_UNDECLARED_SELECTOR = YES;
				GCC_WARN_UNINITIALIZED_AUTOS = YES_AGGRESSIVE;
				GCC_WARN_UNUSED_FUNCTION = YES;
				GCC_WARN_UNUSED_VARIABLE = YES;
				IPHONEOS_DEPLOYMENT_TARGET = 9.2;
				MTL_ENABLE_DEBUG_INFO = NO;
				SDKROOT = iphoneos;
				TARGETED_DEVICE_FAMILY = "1,2";
				VALIDATE_PRODUCT = YES;
				VERSIONING_SYSTEM = "apple-generic";
				VERSION_INFO_PREFIX = "";
			};
			name = Release;
		};
		9F27AB9C1C887A980052CC16 /* Debug */ = {
			isa = XCBuildConfiguration;
			buildSettings = {
				CLANG_ENABLE_MODULES = YES;
				DEFINES_MODULE = YES;
				DYLIB_COMPATIBILITY_VERSION = 1;
				DYLIB_CURRENT_VERSION = 1;
				DYLIB_INSTALL_NAME_BASE = "@rpath";
				INFOPLIST_FILE = BitbucketKit/Info.plist;
				INSTALL_PATH = "$(LOCAL_LIBRARY_DIR)/Frameworks";
				LD_RUNPATH_SEARCH_PATHS = "$(inherited) @executable_path/Frameworks @loader_path/Frameworks";
				PRODUCT_BUNDLE_IDENTIFIER = com.atlassian.BitbucketKit;
				PRODUCT_NAME = "$(TARGET_NAME)";
				SKIP_INSTALL = YES;
				SWIFT_OPTIMIZATION_LEVEL = "-Onone";
			};
			name = Debug;
		};
		9F27AB9D1C887A980052CC16 /* Release */ = {
			isa = XCBuildConfiguration;
			buildSettings = {
				CLANG_ENABLE_MODULES = YES;
				DEFINES_MODULE = YES;
				DYLIB_COMPATIBILITY_VERSION = 1;
				DYLIB_CURRENT_VERSION = 1;
				DYLIB_INSTALL_NAME_BASE = "@rpath";
				INFOPLIST_FILE = BitbucketKit/Info.plist;
				INSTALL_PATH = "$(LOCAL_LIBRARY_DIR)/Frameworks";
				LD_RUNPATH_SEARCH_PATHS = "$(inherited) @executable_path/Frameworks @loader_path/Frameworks";
				PRODUCT_BUNDLE_IDENTIFIER = com.atlassian.BitbucketKit;
				PRODUCT_NAME = "$(TARGET_NAME)";
				SKIP_INSTALL = YES;
			};
			name = Release;
		};
		9F27AB9F1C887A980052CC16 /* Debug */ = {
			isa = XCBuildConfiguration;
			buildSettings = {
				INFOPLIST_FILE = BitbucketKitTests/Info.plist;
				LD_RUNPATH_SEARCH_PATHS = "$(inherited) @executable_path/Frameworks @loader_path/Frameworks";
				PRODUCT_BUNDLE_IDENTIFIER = com.atlassian.BitbucketKitTests;
				PRODUCT_NAME = "$(TARGET_NAME)";
			};
			name = Debug;
		};
		9F27ABA01C887A980052CC16 /* Release */ = {
			isa = XCBuildConfiguration;
			buildSettings = {
				INFOPLIST_FILE = BitbucketKitTests/Info.plist;
				LD_RUNPATH_SEARCH_PATHS = "$(inherited) @executable_path/Frameworks @loader_path/Frameworks";
				PRODUCT_BUNDLE_IDENTIFIER = com.atlassian.BitbucketKitTests;
				PRODUCT_NAME = "$(TARGET_NAME)";
			};
			name = Release;
		};
/* End XCBuildConfiguration section */

/* Begin XCConfigurationList section */
		9F27AB811C887A980052CC16 /* Build configuration list for PBXProject "BitbucketKit" */ = {
			isa = XCConfigurationList;
			buildConfigurations = (
				9F27AB991C887A980052CC16 /* Debug */,
				9F27AB9A1C887A980052CC16 /* Release */,
			);
			defaultConfigurationIsVisible = 0;
			defaultConfigurationName = Release;
		};
		9F27AB9B1C887A980052CC16 /* Build configuration list for PBXNativeTarget "BitbucketKit" */ = {
			isa = XCConfigurationList;
			buildConfigurations = (
				9F27AB9C1C887A980052CC16 /* Debug */,
				9F27AB9D1C887A980052CC16 /* Release */,
			);
			defaultConfigurationIsVisible = 0;
			defaultConfigurationName = Release;
		};
		9F27AB9E1C887A980052CC16 /* Build configuration list for PBXNativeTarget "BitbucketKitTests" */ = {
			isa = XCConfigurationList;
			buildConfigurations = (
				9F27AB9F1C887A980052CC16 /* Debug */,
				9F27ABA01C887A980052CC16 /* Release */,
			);
			defaultConfigurationIsVisible = 0;
			defaultConfigurationName = Release;
		};
/* End XCConfigurationList section */
	};
	rootObject = 9F27AB7E1C887A980052CC16 /* Project object */;
}
